
Microsoft Visual Studio Solution File, Format Version 12.00
# Visual Studio Version 17
VisualStudioVersion = 17.2.32616.157
MinimumVisualStudioVersion = 10.0.40219.1
Project("{FAE04EC0-301F-11D3-BF4B-00C04F79EFBC}") = "ConsoleLoggerLibrary", "ConsoleLoggerLibrary\ConsoleLoggerLibrary.csproj", "{1141E0D8-B389-449A-B4E6-E2847F864837}"
EndProject
Project("{FAE04EC0-301F-11D3-BF4B-00C04F79EFBC}") = "ConsoleLoggerDemo", "ConsoleLoggerDemo\ConsoleLoggerDemo.csproj", "{93D480DF-9C71-4F7C-9DB3-7BA3E59F6CB7}"
EndProject
Global
	GlobalSection(SolutionConfigurationPlatforms) = preSolution
		Debug|Any CPU = Debug|Any CPU
		Release|Any CPU = Release|Any CPU
	EndGlobalSection
	GlobalSection(ProjectConfigurationPlatforms) = postSolution
		{1141E0D8-B389-449A-B4E6-E2847F864837}.Debug|Any CPU.ActiveCfg = Debug|Any CPU
		{1141E0D8-B389-449A-B4E6-E2847F864837}.Debug|Any CPU.Build.0 = Debug|Any CPU
		{1141E0D8-B389-449A-B4E6-E2847F864837}.Release|Any CPU.ActiveCfg = Release|Any CPU
		{1141E0D8-B389-449A-B4E6-E2847F864837}.Release|Any CPU.Build.0 = Release|Any CPU
		{93D480DF-9C71-4F7C-9DB3-7BA3E59F6CB7}.Debug|Any CPU.ActiveCfg = Debug|Any CPU
		{93D480DF-9C71-4F7C-9DB3-7BA3E59F6CB7}.Debug|Any CPU.Build.0 = Debug|Any CPU
		{93D480DF-9C71-4F7C-9DB3-7BA3E59F6CB7}.Release|Any CPU.ActiveCfg = Release|Any CPU
		{93D480DF-9C71-4F7C-9DB3-7BA3E59F6CB7}.Release|Any CPU.Build.0 = Release|Any CPU
	EndGlobalSection
	GlobalSection(SolutionProperties) = preSolution
		HideSolutionNode = FALSE
	EndGlobalSection
	GlobalSection(ExtensibilityGlobals) = postSolution
		SolutionGuid = {4E53D559-E914-457C-9D1B-F74ED7799D21}
	EndGlobalSection
EndGlobal
